
Microsoft Visual Studio Solution File, Format Version 12.00
# Visual Studio Version 17
VisualStudioVersion = 17.8.34330.188
MinimumVisualStudioVersion = 10.0.40219.1
Project("{FAE04EC0-301F-11D3-BF4B-00C04F79EFBC}") = "Assignment13", "Assignment13\Assignment13.csproj", "{EF1E0083-90C5-4003-ACBB-8747F428E5A8}"
EndProject
Global
	GlobalSection(SolutionConfigurationPlatforms) = preSolution
		Debug|Any CPU = Debug|Any CPU
		Release|Any CPU = Release|Any CPU
	EndGlobalSection
	GlobalSection(ProjectConfigurationPlatforms) = postSolution
		{EF1E0083-90C5-4003-ACBB-8747F428E5A8}.Debug|Any CPU.ActiveCfg = Debug|Any CPU
		{EF1E0083-90C5-4003-ACBB-8747F428E5A8}.Debug|Any CPU.Build.0 = Debug|Any CPU
		{EF1E0083-90C5-4003-ACBB-8747F428E5A8}.Release|Any CPU.ActiveCfg = Release|Any CPU
		{EF1E0083-90C5-4003-ACBB-8747F428E5A8}.Release|Any CPU.Build.0 = Release|Any CPU
	EndGlobalSection
	GlobalSection(SolutionProperties) = preSolution
		HideSolutionNode = FALSE
	EndGlobalSection
	GlobalSection(ExtensibilityGlobals) = postSolution
		SolutionGuid = {F3E04F83-A80C-4F4A-9804-7E9F68454E6E}
	EndGlobalSection
EndGlobal
