
Microsoft Visual Studio Solution File, Format Version 12.00
# Visual Studio Version 17
VisualStudioVersion = 17.8.34330.188
MinimumVisualStudioVersion = 10.0.40219.1
Project("{FAE04EC0-301F-11D3-BF4B-00C04F79EFBC}") = "Assignment14", "Assignment14\Assignment14.csproj", "{7BAB2964-9247-4211-BC16-E96CE007E3E6}"
EndProject
Global
	GlobalSection(SolutionConfigurationPlatforms) = preSolution
		Debug|Any CPU = Debug|Any CPU
		Release|Any CPU = Release|Any CPU
	EndGlobalSection
	GlobalSection(ProjectConfigurationPlatforms) = postSolution
		{7BAB2964-9247-4211-BC16-E96CE007E3E6}.Debug|Any CPU.ActiveCfg = Debug|Any CPU
		{7BAB2964-9247-4211-BC16-E96CE007E3E6}.Debug|Any CPU.Build.0 = Debug|Any CPU
		{7BAB2964-9247-4211-BC16-E96CE007E3E6}.Release|Any CPU.ActiveCfg = Release|Any CPU
		{7BAB2964-9247-4211-BC16-E96CE007E3E6}.Release|Any CPU.Build.0 = Release|Any CPU
	EndGlobalSection
	GlobalSection(SolutionProperties) = preSolution
		HideSolutionNode = FALSE
	EndGlobalSection
	GlobalSection(ExtensibilityGlobals) = postSolution
		SolutionGuid = {0E5807B2-FE0C-4238-A9D6-83223E90BCF4}
	EndGlobalSection
EndGlobal
