
Microsoft Visual Studio Solution File, Format Version 12.00
# Visual Studio Version 17
VisualStudioVersion = 17.8.34330.188
MinimumVisualStudioVersion = 10.0.40219.1
Project("{FAE04EC0-301F-11D3-BF4B-00C04F79EFBC}") = "Assignment12", "Assignment12\Assignment12.csproj", "{3D34CF8B-C164-485D-9003-6E818731DA2A}"
EndProject
Global
	GlobalSection(SolutionConfigurationPlatforms) = preSolution
		Debug|Any CPU = Debug|Any CPU
		Release|Any CPU = Release|Any CPU
	EndGlobalSection
	GlobalSection(ProjectConfigurationPlatforms) = postSolution
		{3D34CF8B-C164-485D-9003-6E818731DA2A}.Debug|Any CPU.ActiveCfg = Debug|Any CPU
		{3D34CF8B-C164-485D-9003-6E818731DA2A}.Debug|Any CPU.Build.0 = Debug|Any CPU
		{3D34CF8B-C164-485D-9003-6E818731DA2A}.Release|Any CPU.ActiveCfg = Release|Any CPU
		{3D34CF8B-C164-485D-9003-6E818731DA2A}.Release|Any CPU.Build.0 = Release|Any CPU
	EndGlobalSection
	GlobalSection(SolutionProperties) = preSolution
		HideSolutionNode = FALSE
	EndGlobalSection
	GlobalSection(ExtensibilityGlobals) = postSolution
		SolutionGuid = {2A4DC6BE-1194-4F75-8921-BC7753C51C69}
	EndGlobalSection
EndGlobal
