
Microsoft Visual Studio Solution File, Format Version 12.00
# Visual Studio Version 17
VisualStudioVersion = 17.8.34330.188
MinimumVisualStudioVersion = 10.0.40219.1
Project("{FAE04EC0-301F-11D3-BF4B-00C04F79EFBC}") = "Assignment16", "Assignment16\Assignment16.csproj", "{8D07F32F-E0ED-42D1-9DAE-5F94A7BD6955}"
EndProject
Global
	GlobalSection(SolutionConfigurationPlatforms) = preSolution
		Debug|Any CPU = Debug|Any CPU
		Release|Any CPU = Release|Any CPU
	EndGlobalSection
	GlobalSection(ProjectConfigurationPlatforms) = postSolution
		{8D07F32F-E0ED-42D1-9DAE-5F94A7BD6955}.Debug|Any CPU.ActiveCfg = Debug|Any CPU
		{8D07F32F-E0ED-42D1-9DAE-5F94A7BD6955}.Debug|Any CPU.Build.0 = Debug|Any CPU
		{8D07F32F-E0ED-42D1-9DAE-5F94A7BD6955}.Release|Any CPU.ActiveCfg = Release|Any CPU
		{8D07F32F-E0ED-42D1-9DAE-5F94A7BD6955}.Release|Any CPU.Build.0 = Release|Any CPU
	EndGlobalSection
	GlobalSection(SolutionProperties) = preSolution
		HideSolutionNode = FALSE
	EndGlobalSection
	GlobalSection(ExtensibilityGlobals) = postSolution
		SolutionGuid = {46E7F54A-75B8-4E58-8C73-D67BC39A2E1F}
	EndGlobalSection
EndGlobal
