
Microsoft Visual Studio Solution File, Format Version 12.00
# Visual Studio Version 17
VisualStudioVersion = 17.8.34330.188
MinimumVisualStudioVersion = 10.0.40219.1
Project("{FAE04EC0-301F-11D3-BF4B-00C04F79EFBC}") = "Assignment15", "Assignment15\Assignment15.csproj", "{884FC1C8-9BC7-4CE9-8165-F00EF829C613}"
EndProject
Global
	GlobalSection(SolutionConfigurationPlatforms) = preSolution
		Debug|Any CPU = Debug|Any CPU
		Release|Any CPU = Release|Any CPU
	EndGlobalSection
	GlobalSection(ProjectConfigurationPlatforms) = postSolution
		{884FC1C8-9BC7-4CE9-8165-F00EF829C613}.Debug|Any CPU.ActiveCfg = Debug|Any CPU
		{884FC1C8-9BC7-4CE9-8165-F00EF829C613}.Debug|Any CPU.Build.0 = Debug|Any CPU
		{884FC1C8-9BC7-4CE9-8165-F00EF829C613}.Release|Any CPU.ActiveCfg = Release|Any CPU
		{884FC1C8-9BC7-4CE9-8165-F00EF829C613}.Release|Any CPU.Build.0 = Release|Any CPU
	EndGlobalSection
	GlobalSection(SolutionProperties) = preSolution
		HideSolutionNode = FALSE
	EndGlobalSection
	GlobalSection(ExtensibilityGlobals) = postSolution
		SolutionGuid = {DDDA8A0D-EBFE-4153-B8A1-4B0E6A16D1B1}
	EndGlobalSection
EndGlobal
